// !$*UTF8*$!
{
	archiveVersion = 1;
	classes = {
	};
	objectVersion = 46;
	objects = {

/* Begin PBXBuildFile section */
		3DFF3BB21DD5EFEF00BB7DD2 /* AppDelegate.swift in Sources */ = {isa = PBXBuildFile; fileRef = 3DFF3BB11DD5EFEF00BB7DD2 /* AppDelegate.swift */; };
		3DFF3BB41DD5EFF000BB7DD2 /* ViewController.swift in Sources */ = {isa = PBXBuildFile; fileRef = 3DFF3BB31DD5EFF000BB7DD2 /* ViewController.swift */; };
		3DFF3BB71DD5EFF100BB7DD2 /* Main.storyboard in Resources */ = {isa = PBXBuildFile; fileRef = 3DFF3BB51DD5EFF100BB7DD2 /* Main.storyboard */; };
		3DFF3BB91DD5EFF900BB7DD2 /* Assets.xcassets in Resources */ = {isa = PBXBuildFile; fileRef = 3DFF3BB81DD5EFF900BB7DD2 /* Assets.xcassets */; };
		3DFF3BBC1DD5EFFA00BB7DD2 /* LaunchScreen.storyboard in Resources */ = {isa = PBXBuildFile; fileRef = 3DFF3BBA1DD5EFFA00BB7DD2 /* LaunchScreen.storyboard */; };
		3DFF3BC51DD5F23300BB7DD2 /* Track.swift in Sources */ = {isa = PBXBuildFile; fileRef = 3DFF3BC41DD5F23200BB7DD2 /* Track.swift */; };
		3DFF3BCA1DD6020A00BB7DD2 /* MapKit.framework in Frameworks */ = {isa = PBXBuildFile; fileRef = 3DFF3BC91DD6020A00BB7DD2 /* MapKit.framework */; };
		3DFF3BCC1DD6229C00BB7DD2 /* TrackManager.swift in Sources */ = {isa = PBXBuildFile; fileRef = 3DFF3BCB1DD6229C00BB7DD2 /* TrackManager.swift */; };
		3DFF3BCF1DD6309C00BB7DD2 /* HistoryTableViewCell.swift in Sources */ = {isa = PBXBuildFile; fileRef = 3DFF3BCE1DD6309C00BB7DD2 /* HistoryTableViewCell.swift */; };
		3DFF3BD11DD6315C00BB7DD2 /* HistoryViewController.swift in Sources */ = {isa = PBXBuildFile; fileRef = 3DFF3BD01DD6315C00BB7DD2 /* HistoryViewController.swift */; };
/* End PBXBuildFile section */

/* Begin PBXFileReference section */
		3DFF3BAE1DD5EFEC00BB7DD2 /* trackingRun.app */ = {isa = PBXFileReference; explicitFileType = wrapper.application; includeInIndex = 0; path = trackingRun.app; sourceTree = BUILT_PRODUCTS_DIR; };
		3DFF3BB11DD5EFEF00BB7DD2 /* AppDelegate.swift */ = {isa = PBXFileReference; lastKnownFileType = sourcecode.swift; path = AppDelegate.swift; sourceTree = "<group>"; };
		3DFF3BB31DD5EFF000BB7DD2 /* ViewController.swift */ = {isa = PBXFileReference; lastKnownFileType = sourcecode.swift; path = ViewController.swift; sourceTree = "<group>"; };
		3DFF3BB61DD5EFF100BB7DD2 /* Base */ = {isa = PBXFileReference; lastKnownFileType = file.storyboard; name = Base; path = Base.lproj/Main.storyboard; sourceTree = "<group>"; };
		3DFF3BB81DD5EFF900BB7DD2 /* Assets.xcassets */ = {isa = PBXFileReference; lastKnownFileType = folder.assetcatalog; path = Assets.xcassets; sourceTree = "<group>"; };
		3DFF3BBB1DD5EFFA00BB7DD2 /* Base */ = {isa = PBXFileReference; lastKnownFileType = file.storyboard; name = Base; path = Base.lproj/LaunchScreen.storyboard; sourceTree = "<group>"; };
		3DFF3BBD1DD5EFFB00BB7DD2 /* Info.plist */ = {isa = PBXFileReference; lastKnownFileType = text.plist.xml; path = Info.plist; sourceTree = "<group>"; };
		3DFF3BC41DD5F23200BB7DD2 /* Track.swift */ = {isa = PBXFileReference; fileEncoding = 4; lastKnownFileType = sourcecode.swift; name = Track.swift; path = Model/Track.swift; sourceTree = "<group>"; };
		3DFF3BC91DD6020A00BB7DD2 /* MapKit.framework */ = {isa = PBXFileReference; lastKnownFileType = wrapper.framework; name = MapKit.framework; path = System/Library/Frameworks/MapKit.framework; sourceTree = SDKROOT; };
		3DFF3BCB1DD6229C00BB7DD2 /* TrackManager.swift */ = {isa = PBXFileReference; fileEncoding = 4; lastKnownFileType = sourcecode.swift; name = TrackManager.swift; path = Utils/TrackManager.swift; sourceTree = "<group>"; };
		3DFF3BCE1DD6309C00BB7DD2 /* HistoryTableViewCell.swift */ = {isa = PBXFileReference; fileEncoding = 4; lastKnownFileType = sourcecode.swift; name = HistoryTableViewCell.swift; path = "Custom Cell/HistoryTableViewCell.swift"; sourceTree = "<group>"; };
		3DFF3BD01DD6315C00BB7DD2 /* HistoryViewController.swift */ = {isa = PBXFileReference; fileEncoding = 4; lastKnownFileType = sourcecode.swift; path = HistoryViewController.swift; sourceTree = "<group>"; };
/* End PBXFileReference section */

/* Begin PBXFrameworksBuildPhase section */
		3DFF3BAB1DD5EFEC00BB7DD2 /* Frameworks */ = {
			isa = PBXFrameworksBuildPhase;
			buildActionMask = 2147483647;
			files = (
				3DFF3BCA1DD6020A00BB7DD2 /* MapKit.framework in Frameworks */,
			);
			runOnlyForDeploymentPostprocessing = 0;
		};
/* End PBXFrameworksBuildPhase section */

/* Begin PBXGroup section */
		3DFF3BA51DD5EFE900BB7DD2 = {
			isa = PBXGroup;
			children = (
				3DFF3BC91DD6020A00BB7DD2 /* MapKit.framework */,
				3DFF3BB01DD5EFEE00BB7DD2 /* trackingRun */,
				3DFF3BAF1DD5EFEC00BB7DD2 /* Products */,
			);
			sourceTree = "<group>";
		};
		3DFF3BAF1DD5EFEC00BB7DD2 /* Products */ = {
			isa = PBXGroup;
			children = (
				3DFF3BAE1DD5EFEC00BB7DD2 /* trackingRun.app */,
			);
			name = Products;
			sourceTree = "<group>";
		};
		3DFF3BB01DD5EFEE00BB7DD2 /* trackingRun */ = {
			isa = PBXGroup;
			children = (
				3DFF3BCD1DD6307000BB7DD2 /* Custom Cell */,
				3DFF3BC61DD5FDD600BB7DD2 /* Utils */,
				3DFF3BC31DD5F03F00BB7DD2 /* Model */,
				3DFF3BB11DD5EFEF00BB7DD2 /* AppDelegate.swift */,
				3DFF3BB31DD5EFF000BB7DD2 /* ViewController.swift */,
				3DFF3BD01DD6315C00BB7DD2 /* HistoryViewController.swift */,
				3DFF3BB51DD5EFF100BB7DD2 /* Main.storyboard */,
				3DFF3BB81DD5EFF900BB7DD2 /* Assets.xcassets */,
				3DFF3BBA1DD5EFFA00BB7DD2 /* LaunchScreen.storyboard */,
				3DFF3BBD1DD5EFFB00BB7DD2 /* Info.plist */,
			);
			path = trackingRun;
			sourceTree = "<group>";
		};
		3DFF3BC31DD5F03F00BB7DD2 /* Model */ = {
			isa = PBXGroup;
			children = (
				3DFF3BC41DD5F23200BB7DD2 /* Track.swift */,
			);
			name = Model;
			sourceTree = "<group>";
		};
		3DFF3BC61DD5FDD600BB7DD2 /* Utils */ = {
			isa = PBXGroup;
			children = (
				3DFF3BCB1DD6229C00BB7DD2 /* TrackManager.swift */,
			);
			name = Utils;
			sourceTree = "<group>";
		};
		3DFF3BCD1DD6307000BB7DD2 /* Custom Cell */ = {
			isa = PBXGroup;
			children = (
				3DFF3BCE1DD6309C00BB7DD2 /* HistoryTableViewCell.swift */,
			);
			name = "Custom Cell";
			sourceTree = "<group>";
		};
/* End PBXGroup section */

/* Begin PBXNativeTarget section */
		3DFF3BAD1DD5EFEC00BB7DD2 /* trackingRun */ = {
			isa = PBXNativeTarget;
			buildConfigurationList = 3DFF3BC01DD5EFFB00BB7DD2 /* Build configuration list for PBXNativeTarget "trackingRun" */;
			buildPhases = (
				3DFF3BAA1DD5EFEC00BB7DD2 /* Sources */,
				3DFF3BAB1DD5EFEC00BB7DD2 /* Frameworks */,
				3DFF3BAC1DD5EFEC00BB7DD2 /* Resources */,
			);
			buildRules = (
			);
			dependencies = (
			);
			name = trackingRun;
			productName = trackingRun;
			productReference = 3DFF3BAE1DD5EFEC00BB7DD2 /* trackingRun.app */;
			productType = "com.apple.product-type.application";
		};
/* End PBXNativeTarget section */

/* Begin PBXProject section */
		3DFF3BA61DD5EFEA00BB7DD2 /* Project object */ = {
			isa = PBXProject;
			attributes = {
				LastSwiftUpdateCheck = 0730;
				LastUpgradeCheck = 0730;
				ORGANIZATIONNAME = "William Nabechima";
				TargetAttributes = {
					3DFF3BAD1DD5EFEC00BB7DD2 = {
						CreatedOnToolsVersion = 7.3;
						SystemCapabilities = {
							com.apple.Maps.iOS = {
								enabled = 1;
							};
						};
					};
				};
			};
			buildConfigurationList = 3DFF3BA91DD5EFEA00BB7DD2 /* Build configuration list for PBXProject "trackingRun" */;
			compatibilityVersion = "Xcode 3.2";
			developmentRegion = English;
			hasScannedForEncodings = 0;
			knownRegions = (
				en,
				Base,
			);
			mainGroup = 3DFF3BA51DD5EFE900BB7DD2;
			productRefGroup = 3DFF3BAF1DD5EFEC00BB7DD2 /* Products */;
			projectDirPath = "";
			projectRoot = "";
			targets = (
				3DFF3BAD1DD5EFEC00BB7DD2 /* trackingRun */,
			);
		};
/* End PBXProject section */

/* Begin PBXResourcesBuildPhase section */
		3DFF3BAC1DD5EFEC00BB7DD2 /* Resources */ = {
			isa = PBXResourcesBuildPhase;
			buildActionMask = 2147483647;
			files = (
				3DFF3BBC1DD5EFFA00BB7DD2 /* LaunchScreen.storyboard in Resources */,
				3DFF3BB91DD5EFF900BB7DD2 /* Assets.xcassets in Resources */,
				3DFF3BB71DD5EFF100BB7DD2 /* Main.storyboard in Resources */,
			);
			runOnlyForDeploymentPostprocessing = 0;
		};
/* End PBXResourcesBuildPhase section */

/* Begin PBXSourcesBuildPhase section */
		3DFF3BAA1DD5EFEC00BB7DD2 /* Sources */ = {
			isa = PBXSourcesBuildPhase;
			buildActionMask = 2147483647;
			files = (
				3DFF3BB41DD5EFF000BB7DD2 /* ViewController.swift in Sources */,
				3DFF3BCC1DD6229C00BB7DD2 /* TrackManager.swift in Sources */,
				3DFF3BB21DD5EFEF00BB7DD2 /* AppDelegate.swift in Sources */,
				3DFF3BD11DD6315C00BB7DD2 /* HistoryViewController.swift in Sources */,
				3DFF3BC51DD5F23300BB7DD2 /* Track.swift in Sources */,
				3DFF3BCF1DD6309C00BB7DD2 /* HistoryTableViewCell.swift in Sources */,
			);
			runOnlyForDeploymentPostprocessing = 0;
		};
/* End PBXSourcesBuildPhase section */

/* Begin PBXVariantGroup section */
		3DFF3BB51DD5EFF100BB7DD2 /* Main.storyboard */ = {
			isa = PBXVariantGroup;
			children = (
				3DFF3BB61DD5EFF100BB7DD2 /* Base */,
			);
			name = Main.storyboard;
			sourceTree = "<group>";
		};
		3DFF3BBA1DD5EFFA00BB7DD2 /* LaunchScreen.storyboard */ = {
			isa = PBXVariantGroup;
			children = (
				3DFF3BBB1DD5EFFA00BB7DD2 /* Base */,
			);
			name = LaunchScreen.storyboard;
			sourceTree = "<group>";
		};
/* End PBXVariantGroup section */

/* Begin XCBuildConfiguration section */
		3DFF3BBE1DD5EFFB00BB7DD2 /* Debug */ = {
			isa = XCBuildConfiguration;
			buildSettings = {
				ALWAYS_SEARCH_USER_PATHS = NO;
				CLANG_ANALYZER_NONNULL = YES;
				CLANG_CXX_LANGUAGE_STANDARD = "gnu++0x";
				CLANG_CXX_LIBRARY = "libc++";
				CLANG_ENABLE_MODULES = YES;
				CLANG_ENABLE_OBJC_ARC = YES;
				CLANG_WARN_BOOL_CONVERSION = YES;
				CLANG_WARN_CONSTANT_CONVERSION = YES;
				CLANG_WARN_DIRECT_OBJC_ISA_USAGE = YES_ERROR;
				CLANG_WARN_EMPTY_BODY = YES;
				CLANG_WARN_ENUM_CONVERSION = YES;
				CLANG_WARN_INT_CONVERSION = YES;
				CLANG_WARN_OBJC_ROOT_CLASS = YES_ERROR;
				CLANG_WARN_UNREACHABLE_CODE = YES;
				CLANG_WARN__DUPLICATE_METHOD_MATCH = YES;
				"CODE_SIGN_IDENTITY[sdk=iphoneos*]" = "iPhone Developer";
				COPY_PHASE_STRIP = NO;
				DEBUG_INFORMATION_FORMAT = dwarf;
				ENABLE_STRICT_OBJC_MSGSEND = YES;
				ENABLE_TESTABILITY = YES;
				GCC_C_LANGUAGE_STANDARD = gnu99;
				GCC_DYNAMIC_NO_PIC = NO;
				GCC_NO_COMMON_BLOCKS = YES;
				GCC_OPTIMIZATION_LEVEL = 0;
				GCC_PREPROCESSOR_DEFINITIONS = (
					"DEBUG=1",
					"$(inherited)",
				);
				GCC_WARN_64_TO_32_BIT_CONVERSION = YES;
				GCC_WARN_ABOUT_RETURN_TYPE = YES_ERROR;
				GCC_WARN_UNDECLARED_SELECTOR = YES;
				GCC_WARN_UNINITIALIZED_AUTOS = YES_AGGRESSIVE;
				GCC_WARN_UNUSED_FUNCTION = YES;
				GCC_WARN_UNUSED_VARIABLE = YES;
				IPHONEOS_DEPLOYMENT_TARGET = 9.3;
				MTL_ENABLE_DEBUG_INFO = YES;
				ONLY_ACTIVE_ARCH = YES;
				SDKROOT = iphoneos;
				SWIFT_OPTIMIZATION_LEVEL = "-Onone";
			};
			name = Debug;
		};
		3DFF3BBF1DD5EFFB00BB7DD2 /* Release */ = {
			isa = XCBuildConfiguration;
			buildSettings = {
				ALWAYS_SEARCH_USER_PATHS = NO;
				CLANG_ANALYZER_NONNULL = YES;
				CLANG_CXX_LANGUAGE_STANDARD = "gnu++0x";
				CLANG_CXX_LIBRARY = "libc++";
				CLANG_ENABLE_MODULES = YES;
				CLANG_ENABLE_OBJC_ARC = YES;
				CLANG_WARN_BOOL_CONVERSION = YES;
				CLANG_WARN_CONSTANT_CONVERSION = YES;
				CLANG_WARN_DIRECT_OBJC_ISA_USAGE = YES_ERROR;
				CLANG_WARN_EMPTY_BODY = YES;
				CLANG_WARN_ENUM_CONVERSION = YES;
				CLANG_WARN_INT_CONVERSION = YES;
				CLANG_WARN_OBJC_ROOT_CLASS = YES_ERROR;
				CLANG_WARN_UNREACHABLE_CODE = YES;
				CLANG_WARN__DUPLICATE_METHOD_MATCH = YES;
				"CODE_SIGN_IDENTITY[sdk=iphoneos*]" = "iPhone Developer";
				COPY_PHASE_STRIP = NO;
				DEBUG_INFORMATION_FORMAT = "dwarf-with-dsym";
				ENABLE_NS_ASSERTIONS = NO;
				ENABLE_STRICT_OBJC_MSGSEND = YES;
				GCC_C_LANGUAGE_STANDARD = gnu99;
				GCC_NO_COMMON_BLOCKS = YES;
				GCC_WARN_64_TO_32_BIT_CONVERSION = YES;
				GCC_WARN_ABOUT_RETURN_TYPE = YES_ERROR;
				GCC_WARN_UNDECLARED_SELECTOR = YES;
				GCC_WARN_UNINITIALIZED_AUTOS = YES_AGGRESSIVE;
				GCC_WARN_UNUSED_FUNCTION = YES;
				GCC_WARN_UNUSED_VARIABLE = YES;
				IPHONEOS_DEPLOYMENT_TARGET = 9.3;
				MTL_ENABLE_DEBUG_INFO = NO;
				SDKROOT = iphoneos;
				VALIDATE_PRODUCT = YES;
			};
			name = Release;
		};
		3DFF3BC11DD5EFFB00BB7DD2 /* Debug */ = {
			isa = XCBuildConfiguration;
			buildSettings = {
				ASSETCATALOG_COMPILER_APPICON_NAME = AppIcon;
				INFOPLIST_FILE = trackingRun/Info.plist;
				LD_RUNPATH_SEARCH_PATHS = "$(inherited) @executable_path/Frameworks";
				PRODUCT_BUNDLE_IDENTIFIER = com.ddm.trackingRun;
				PRODUCT_NAME = "$(TARGET_NAME)";
			};
			name = Debug;
		};
		3DFF3BC21DD5EFFB00BB7DD2 /* Release */ = {
			isa = XCBuildConfiguration;
			buildSettings = {
				ASSETCATALOG_COMPILER_APPICON_NAME = AppIcon;
				INFOPLIST_FILE = trackingRun/Info.plist;
				LD_RUNPATH_SEARCH_PATHS = "$(inherited) @executable_path/Frameworks";
				PRODUCT_BUNDLE_IDENTIFIER = com.ddm.trackingRun;
				PRODUCT_NAME = "$(TARGET_NAME)";
			};
			name = Release;
		};
/* End XCBuildConfiguration section */

/* Begin XCConfigurationList section */
		3DFF3BA91DD5EFEA00BB7DD2 /* Build configuration list for PBXProject "trackingRun" */ = {
			isa = XCConfigurationList;
			buildConfigurations = (
				3DFF3BBE1DD5EFFB00BB7DD2 /* Debug */,
				3DFF3BBF1DD5EFFB00BB7DD2 /* Release */,
			);
			defaultConfigurationIsVisible = 0;
			defaultConfigurationName = Release;
		};
		3DFF3BC01DD5EFFB00BB7DD2 /* Build configuration list for PBXNativeTarget "trackingRun" */ = {
			isa = XCConfigurationList;
			buildConfigurations = (
				3DFF3BC11DD5EFFB00BB7DD2 /* Debug */,
				3DFF3BC21DD5EFFB00BB7DD2 /* Release */,
			);
			defaultConfigurationIsVisible = 0;
		};
/* End XCConfigurationList section */
	};
	rootObject = 3DFF3BA61DD5EFEA00BB7DD2 /* Project object */;
}
